
Microsoft Visual Studio Solution File, Format Version 12.00
# Visual Studio Version 17
VisualStudioVersion = 17.1.32104.313
MinimumVisualStudioVersion = 10.0.40219.1
Project("{9A19103F-16F7-4668-BE54-9A1E7A4F7556}") = "Zawody", "Zawody\Zawody.csproj", "{A7AF050B-942D-4144-8AF3-CC6F44777E11}"
EndProject
Project("{FAE04EC0-301F-11D3-BF4B-00C04F79EFBC}") = "Testy", "Testy\Testy.csproj", "{AA6AD1D4-69F6-4387-9C15-47530098C3A8}"
	ProjectSection(ProjectDependencies) = postProject
		{A7AF050B-942D-4144-8AF3-CC6F44777E11} = {A7AF050B-942D-4144-8AF3-CC6F44777E11}
	EndProjectSection
EndProject
Global
	GlobalSection(SolutionConfigurationPlatforms) = preSolution
		Debug|Any CPU = Debug|Any CPU
		Release|Any CPU = Release|Any CPU
	EndGlobalSection
	GlobalSection(ProjectConfigurationPlatforms) = postSolution
		{A7AF050B-942D-4144-8AF3-CC6F44777E11}.Debug|Any CPU.ActiveCfg = Debug|Any CPU
		{A7AF050B-942D-4144-8AF3-CC6F44777E11}.Debug|Any CPU.Build.0 = Debug|Any CPU
		{A7AF050B-942D-4144-8AF3-CC6F44777E11}.Release|Any CPU.ActiveCfg = Release|Any CPU
		{A7AF050B-942D-4144-8AF3-CC6F44777E11}.Release|Any CPU.Build.0 = Release|Any CPU
		{AA6AD1D4-69F6-4387-9C15-47530098C3A8}.Debug|Any CPU.ActiveCfg = Debug|Any CPU
		{AA6AD1D4-69F6-4387-9C15-47530098C3A8}.Debug|Any CPU.Build.0 = Debug|Any CPU
		{AA6AD1D4-69F6-4387-9C15-47530098C3A8}.Release|Any CPU.ActiveCfg = Release|Any CPU
		{AA6AD1D4-69F6-4387-9C15-47530098C3A8}.Release|Any CPU.Build.0 = Release|Any CPU
	EndGlobalSection
	GlobalSection(SolutionProperties) = preSolution
		HideSolutionNode = FALSE
	EndGlobalSection
	GlobalSection(ExtensibilityGlobals) = postSolution
		SolutionGuid = {231A18DF-4C20-4546-A644-0879631E8BAA}
	EndGlobalSection
EndGlobal
